
Microsoft Visual Studio Solution File, Format Version 12.00
# Visual Studio Version 17
VisualStudioVersion = 17.9.34607.119
MinimumVisualStudioVersion = 10.0.40219.1
Project("{FAE04EC0-301F-11D3-BF4B-00C04F79EFBC}") = "MovieViewer", "MovieViewer\MovieViewer.csproj", "{0E1E0DA2-52B0-4AB4-BF8F-16E6AD36A006}"
EndProject
Global
	GlobalSection(SolutionConfigurationPlatforms) = preSolution
		Debug|Any CPU = Debug|Any CPU
		Release|Any CPU = Release|Any CPU
	EndGlobalSection
	GlobalSection(ProjectConfigurationPlatforms) = postSolution
		{0E1E0DA2-52B0-4AB4-BF8F-16E6AD36A006}.Debug|Any CPU.ActiveCfg = Debug|Any CPU
		{0E1E0DA2-52B0-4AB4-BF8F-16E6AD36A006}.Debug|Any CPU.Build.0 = Debug|Any CPU
		{0E1E0DA2-52B0-4AB4-BF8F-16E6AD36A006}.Release|Any CPU.ActiveCfg = Release|Any CPU
		{0E1E0DA2-52B0-4AB4-BF8F-16E6AD36A006}.Release|Any CPU.Build.0 = Release|Any CPU
	EndGlobalSection
	GlobalSection(SolutionProperties) = preSolution
		HideSolutionNode = FALSE
	EndGlobalSection
	GlobalSection(ExtensibilityGlobals) = postSolution
		SolutionGuid = {60AEDB1B-8348-46A7-84AC-EB007C355093}
	EndGlobalSection
EndGlobal
